PODS:
  - Flutter (1.0.0)
  - flutter_plugin_audio (0.0.1):
    - Flutter

DEPENDENCIES:
  - Flutter (from `Flutter`)
  - flutter_plugin_audio (from `.symlinks/plugins/flutter_plugin_audio/ios`)

EXTERNAL SOURCES:
  Flutter:
    :path: Flutter
  flutter_plugin_audio:
    :path: ".symlinks/plugins/flutter_plugin_audio/ios"

SPEC CHECKSUMS:
  Flutter: 0e3d915762c693b495b44d77113d4970485de6ec
  flutter_plugin_audio: 3437fc820c0b109c5dda0e6152de35c4b338f92a

PODFILE CHECKSUM: aafe91acc616949ddb318b77800a7f51bffa2a4c

COCOAPODS: 1.10.0
